<?xml version="1.0" encoding="UTF-8" standalone="yes" ?>
<CodeBlocks_project_file>
	<FileVersion major="1" minor="6" />
	<Project>
		<Option title="opencv_mjolnir" />
		<Option pch_mode="2" />
		<Option compiler="gcc" />
		<Build>
			<Target title="Debug">
				<Option output="bin/Debug/opencv_mjolnir" prefix_auto="1" extension_auto="1" />
				<Option object_output="obj/Debug/" />
				<Option type="1" />
				<Option compiler="gcc" />
				<Option use_console_runner="0" />
				<Compiler>
					<Add option="-Wshadow" />
					<Add option="-Wredundant-decls" />
					<Add option="-Wcast-align" />
					<Add option="-Wundef" />
					<Add option="-Wunreachable-code" />
					<Add option="-Wmissing-include-dirs" />
					<Add option="-std=c++14" />
					<Add option="-g" />
					<Add option="-Wno-int-to-pointer-cast -Wno-undef -Wno-shadow -DWIN32 -Wno-redundant-decls -DASIO_STANDALONE" />
					<Add directory="include" />
				</Compiler>
				<Linker>
					<Add option="-lopencv_core2413.dll -lopencv_highgui2413.dll  -lopencv_imgproc2413.dll" />
					<Add option="-lws2_32 -lwsock32" />
					<Add option="-luser32 -lcomdlg32 -lcomctl32 -luuid -lole32 -lgdi32" />
					<Add option="-lpq" />
				</Linker>
			</Target>
		</Build>
		<Compiler>
			<Add option="-Wall" />
			<Add option="-fexceptions" />
		</Compiler>
		<Unit filename="Mjolnir2.ico" />
		<Unit filename="config.txt" />
		<Unit filename="gifs.cpp" />
		<Unit filename="include/configuracion.hpp" />
		<Unit filename="include/control.h" />
		<Unit filename="include/cuenta.h" />
		<Unit filename="include/elemento_diagrama.h" />
		<Unit filename="include/mjolnir.hpp" />
		<Unit filename="include/postgres_funciones.h" />
		<Unit filename="include/redes.h" />
		<Unit filename="include/ventana_principal.h" />
		<Unit filename="include/zonas.hpp" />
		<Unit filename="main.cpp" />
		<Unit filename="recurso.h" />
		<Unit filename="recurso.rc">
			<Option compilerVar="WINDRES" />
		</Unit>
		<Unit filename="sistema_de_archivos.cpp" />
		<Unit filename="src/configuracion.cpp" />
		<Unit filename="src/control.cpp" />
		<Unit filename="src/elemento_diagrama.cpp" />
		<Unit filename="src/mjolnir.cpp" />
		<Unit filename="src/postgres_funciones.cpp" />
		<Unit filename="src/redes.cpp" />
		<Unit filename="src/ventana_principal.cpp" />
		<Unit filename="src/zonas.cpp" />
		<Extensions>
			<code_completion />
			<envvars />
			<debugger>
				<search_path add="C:\Users\turambar\Documents\Proyectos\opencv_mjolnir\" />
			</debugger>
		</Extensions>
	</Project>
</CodeBlocks_project_file>
